
Microsoft Visual Studio Solution File, Format Version 12.00
Project("{FAE04EC0-301F-11D3-BF4B-00C04F79EFBC}") = "RealJapanese", "RealJapanese\RealJapanese.csproj", "{57568139-3614-4436-8210-14236512A68B}"
EndProject
Project("{FAE04EC0-301F-11D3-BF4B-00C04F79EFBC}") = "DataLoaders", "DataLoaders\DataLoaders.csproj", "{EBD6CFF7-A258-4C4D-AEBC-DC40F93454CD}"
EndProject
Project("{FAE04EC0-301F-11D3-BF4B-00C04F79EFBC}") = "Repositories", "Repositories\Repositories.csproj", "{93739C21-5794-4262-B26E-8CF3DDF527C4}"
EndProject
Project("{2150E333-8FDC-42A3-9474-1A3956D46DE8}") = "MainSite", "MainSite", "{61B034E4-77C3-4FD5-850C-FF2C51E7BBC3}"
EndProject
Project("{FAE04EC0-301F-11D3-BF4B-00C04F79EFBC}") = "CheckDataForDuplicates", "CheckDataForDuplicates\CheckDataForDuplicates.csproj", "{A7276A2F-9215-40A4-995E-AA9A994F81C8}"
EndProject
Project("{FAE04EC0-301F-11D3-BF4B-00C04F79EFBC}") = "Extract kanji", "Extract kanji\Extract kanji.csproj", "{E12F5DD6-FCB2-427A-BE56-D3F03EF03CD8}"
EndProject
Project("{FAE04EC0-301F-11D3-BF4B-00C04F79EFBC}") = "RealJapanese.UI", "RealJapanese.UI\RealJapanese.UI.csproj", "{ADE3997A-EBE4-48BF-B186-C739C2BEE8BD}"
EndProject
Global
	GlobalSection(SolutionConfigurationPlatforms) = preSolution
		Debug|Any CPU = Debug|Any CPU
		Debug|x64 = Debug|x64
		Debug|x86 = Debug|x86
		Release|Any CPU = Release|Any CPU
		Release|x64 = Release|x64
		Release|x86 = Release|x86
	EndGlobalSection
	GlobalSection(ProjectConfigurationPlatforms) = postSolution
		{57568139-3614-4436-8210-14236512A68B}.Debug|Any CPU.ActiveCfg = Debug|Any CPU
		{57568139-3614-4436-8210-14236512A68B}.Debug|Any CPU.Build.0 = Debug|Any CPU
		{57568139-3614-4436-8210-14236512A68B}.Debug|x64.ActiveCfg = Debug|Any CPU
		{57568139-3614-4436-8210-14236512A68B}.Debug|x64.Build.0 = Debug|Any CPU
		{57568139-3614-4436-8210-14236512A68B}.Debug|x86.ActiveCfg = Debug|Any CPU
		{57568139-3614-4436-8210-14236512A68B}.Debug|x86.Build.0 = Debug|Any CPU
		{57568139-3614-4436-8210-14236512A68B}.Release|Any CPU.ActiveCfg = Release|Any CPU
		{57568139-3614-4436-8210-14236512A68B}.Release|Any CPU.Build.0 = Release|Any CPU
		{57568139-3614-4436-8210-14236512A68B}.Release|x64.ActiveCfg = Release|Any CPU
		{57568139-3614-4436-8210-14236512A68B}.Release|x64.Build.0 = Release|Any CPU
		{57568139-3614-4436-8210-14236512A68B}.Release|x86.ActiveCfg = Release|Any CPU
		{57568139-3614-4436-8210-14236512A68B}.Release|x86.Build.0 = Release|Any CPU
		{EBD6CFF7-A258-4C4D-AEBC-DC40F93454CD}.Debug|Any CPU.ActiveCfg = Debug|Any CPU
		{EBD6CFF7-A258-4C4D-AEBC-DC40F93454CD}.Debug|Any CPU.Build.0 = Debug|Any CPU
		{EBD6CFF7-A258-4C4D-AEBC-DC40F93454CD}.Debug|x64.ActiveCfg = Debug|Any CPU
		{EBD6CFF7-A258-4C4D-AEBC-DC40F93454CD}.Debug|x64.Build.0 = Debug|Any CPU
		{EBD6CFF7-A258-4C4D-AEBC-DC40F93454CD}.Debug|x86.ActiveCfg = Debug|Any CPU
		{EBD6CFF7-A258-4C4D-AEBC-DC40F93454CD}.Debug|x86.Build.0 = Debug|Any CPU
		{EBD6CFF7-A258-4C4D-AEBC-DC40F93454CD}.Release|Any CPU.ActiveCfg = Release|Any CPU
		{EBD6CFF7-A258-4C4D-AEBC-DC40F93454CD}.Release|Any CPU.Build.0 = Release|Any CPU
		{EBD6CFF7-A258-4C4D-AEBC-DC40F93454CD}.Release|x64.ActiveCfg = Release|Any CPU
		{EBD6CFF7-A258-4C4D-AEBC-DC40F93454CD}.Release|x64.Build.0 = Release|Any CPU
		{EBD6CFF7-A258-4C4D-AEBC-DC40F93454CD}.Release|x86.ActiveCfg = Release|Any CPU
		{EBD6CFF7-A258-4C4D-AEBC-DC40F93454CD}.Release|x86.Build.0 = Release|Any CPU
		{93739C21-5794-4262-B26E-8CF3DDF527C4}.Debug|Any CPU.ActiveCfg = Debug|Any CPU
		{93739C21-5794-4262-B26E-8CF3DDF527C4}.Debug|Any CPU.Build.0 = Debug|Any CPU
		{93739C21-5794-4262-B26E-8CF3DDF527C4}.Debug|x64.ActiveCfg = Debug|Any CPU
		{93739C21-5794-4262-B26E-8CF3DDF527C4}.Debug|x64.Build.0 = Debug|Any CPU
		{93739C21-5794-4262-B26E-8CF3DDF527C4}.Debug|x86.ActiveCfg = Debug|Any CPU
		{93739C21-5794-4262-B26E-8CF3DDF527C4}.Debug|x86.Build.0 = Debug|Any CPU
		{93739C21-5794-4262-B26E-8CF3DDF527C4}.Release|Any CPU.ActiveCfg = Release|Any CPU
		{93739C21-5794-4262-B26E-8CF3DDF527C4}.Release|Any CPU.Build.0 = Release|Any CPU
		{93739C21-5794-4262-B26E-8CF3DDF527C4}.Release|x64.ActiveCfg = Release|Any CPU
		{93739C21-5794-4262-B26E-8CF3DDF527C4}.Release|x64.Build.0 = Release|Any CPU
		{93739C21-5794-4262-B26E-8CF3DDF527C4}.Release|x86.ActiveCfg = Release|Any CPU
		{93739C21-5794-4262-B26E-8CF3DDF527C4}.Release|x86.Build.0 = Release|Any CPU
		{A7276A2F-9215-40A4-995E-AA9A994F81C8}.Debug|Any CPU.ActiveCfg = Debug|Any CPU
		{A7276A2F-9215-40A4-995E-AA9A994F81C8}.Debug|Any CPU.Build.0 = Debug|Any CPU
		{A7276A2F-9215-40A4-995E-AA9A994F81C8}.Debug|x64.ActiveCfg = Debug|Any CPU
		{A7276A2F-9215-40A4-995E-AA9A994F81C8}.Debug|x64.Build.0 = Debug|Any CPU
		{A7276A2F-9215-40A4-995E-AA9A994F81C8}.Debug|x86.ActiveCfg = Debug|Any CPU
		{A7276A2F-9215-40A4-995E-AA9A994F81C8}.Debug|x86.Build.0 = Debug|Any CPU
		{A7276A2F-9215-40A4-995E-AA9A994F81C8}.Release|Any CPU.ActiveCfg = Release|Any CPU
		{A7276A2F-9215-40A4-995E-AA9A994F81C8}.Release|Any CPU.Build.0 = Release|Any CPU
		{A7276A2F-9215-40A4-995E-AA9A994F81C8}.Release|x64.ActiveCfg = Release|Any CPU
		{A7276A2F-9215-40A4-995E-AA9A994F81C8}.Release|x64.Build.0 = Release|Any CPU
		{A7276A2F-9215-40A4-995E-AA9A994F81C8}.Release|x86.ActiveCfg = Release|Any CPU
		{A7276A2F-9215-40A4-995E-AA9A994F81C8}.Release|x86.Build.0 = Release|Any CPU
		{E12F5DD6-FCB2-427A-BE56-D3F03EF03CD8}.Debug|Any CPU.ActiveCfg = Debug|Any CPU
		{E12F5DD6-FCB2-427A-BE56-D3F03EF03CD8}.Debug|Any CPU.Build.0 = Debug|Any CPU
		{E12F5DD6-FCB2-427A-BE56-D3F03EF03CD8}.Debug|x64.ActiveCfg = Debug|Any CPU
		{E12F5DD6-FCB2-427A-BE56-D3F03EF03CD8}.Debug|x64.Build.0 = Debug|Any CPU
		{E12F5DD6-FCB2-427A-BE56-D3F03EF03CD8}.Debug|x86.ActiveCfg = Debug|Any CPU
		{E12F5DD6-FCB2-427A-BE56-D3F03EF03CD8}.Debug|x86.Build.0 = Debug|Any CPU
		{E12F5DD6-FCB2-427A-BE56-D3F03EF03CD8}.Release|Any CPU.ActiveCfg = Release|Any CPU
		{E12F5DD6-FCB2-427A-BE56-D3F03EF03CD8}.Release|Any CPU.Build.0 = Release|Any CPU
		{E12F5DD6-FCB2-427A-BE56-D3F03EF03CD8}.Release|x64.ActiveCfg = Release|Any CPU
		{E12F5DD6-FCB2-427A-BE56-D3F03EF03CD8}.Release|x64.Build.0 = Release|Any CPU
		{E12F5DD6-FCB2-427A-BE56-D3F03EF03CD8}.Release|x86.ActiveCfg = Release|Any CPU
		{E12F5DD6-FCB2-427A-BE56-D3F03EF03CD8}.Release|x86.Build.0 = Release|Any CPU
		{ADE3997A-EBE4-48BF-B186-C739C2BEE8BD}.Debug|Any CPU.ActiveCfg = Debug|Any CPU
		{ADE3997A-EBE4-48BF-B186-C739C2BEE8BD}.Debug|Any CPU.Build.0 = Debug|Any CPU
		{ADE3997A-EBE4-48BF-B186-C739C2BEE8BD}.Debug|x64.ActiveCfg = Debug|Any CPU
		{ADE3997A-EBE4-48BF-B186-C739C2BEE8BD}.Debug|x64.Build.0 = Debug|Any CPU
		{ADE3997A-EBE4-48BF-B186-C739C2BEE8BD}.Debug|x86.ActiveCfg = Debug|Any CPU
		{ADE3997A-EBE4-48BF-B186-C739C2BEE8BD}.Debug|x86.Build.0 = Debug|Any CPU
		{ADE3997A-EBE4-48BF-B186-C739C2BEE8BD}.Release|Any CPU.ActiveCfg = Release|Any CPU
		{ADE3997A-EBE4-48BF-B186-C739C2BEE8BD}.Release|Any CPU.Build.0 = Release|Any CPU
		{ADE3997A-EBE4-48BF-B186-C739C2BEE8BD}.Release|x64.ActiveCfg = Release|Any CPU
		{ADE3997A-EBE4-48BF-B186-C739C2BEE8BD}.Release|x64.Build.0 = Release|Any CPU
		{ADE3997A-EBE4-48BF-B186-C739C2BEE8BD}.Release|x86.ActiveCfg = Release|Any CPU
		{ADE3997A-EBE4-48BF-B186-C739C2BEE8BD}.Release|x86.Build.0 = Release|Any CPU
	EndGlobalSection
	GlobalSection(SolutionProperties) = preSolution
		HideSolutionNode = FALSE
	EndGlobalSection
	GlobalSection(NestedProjects) = preSolution
		{57568139-3614-4436-8210-14236512A68B} = {61B034E4-77C3-4FD5-850C-FF2C51E7BBC3}
		{EBD6CFF7-A258-4C4D-AEBC-DC40F93454CD} = {61B034E4-77C3-4FD5-850C-FF2C51E7BBC3}
		{93739C21-5794-4262-B26E-8CF3DDF527C4} = {61B034E4-77C3-4FD5-850C-FF2C51E7BBC3}
	EndGlobalSection
EndGlobal
